
Microsoft Visual Studio Solution File, Format Version 12.00
# Visual Studio 15
VisualStudioVersion = 15.0.26124.0
MinimumVisualStudioVersion = 15.0.26124.0
Project("{FAE04EC0-301F-11D3-BF4B-00C04F79EFBC}") = "API", "API\API.csproj", "{7ABAFD37-A1ED-4BC4-A9E4-87E0353BA960}"
EndProject
Project("{FAE04EC0-301F-11D3-BF4B-00C04F79EFBC}") = "Domain", "Domain\Domain.csproj", "{FD20FE7F-443E-42C8-9E9F-BC495AD69A4E}"
EndProject
Project("{FAE04EC0-301F-11D3-BF4B-00C04F79EFBC}") = "Persistence", "Persistence\Persistence.csproj", "{032FB3B3-84B1-4A3E-8604-F11EC4D4C7BC}"
EndProject
Project("{FAE04EC0-301F-11D3-BF4B-00C04F79EFBC}") = "Application", "Application\Application.csproj", "{10099EF8-1C8F-4445-B9FC-EC4AECC3B2DD}"
EndProject
Global
	GlobalSection(SolutionConfigurationPlatforms) = preSolution
		Debug|Any CPU = Debug|Any CPU
		Debug|x64 = Debug|x64
		Debug|x86 = Debug|x86
		Release|Any CPU = Release|Any CPU
		Release|x64 = Release|x64
		Release|x86 = Release|x86
	EndGlobalSection
	GlobalSection(SolutionProperties) = preSolution
		HideSolutionNode = FALSE
	EndGlobalSection
	GlobalSection(ProjectConfigurationPlatforms) = postSolution
		{7ABAFD37-A1ED-4BC4-A9E4-87E0353BA960}.Debug|Any CPU.ActiveCfg = Debug|Any CPU
		{7ABAFD37-A1ED-4BC4-A9E4-87E0353BA960}.Debug|Any CPU.Build.0 = Debug|Any CPU
		{7ABAFD37-A1ED-4BC4-A9E4-87E0353BA960}.Debug|x64.ActiveCfg = Debug|Any CPU
		{7ABAFD37-A1ED-4BC4-A9E4-87E0353BA960}.Debug|x64.Build.0 = Debug|Any CPU
		{7ABAFD37-A1ED-4BC4-A9E4-87E0353BA960}.Debug|x86.ActiveCfg = Debug|Any CPU
		{7ABAFD37-A1ED-4BC4-A9E4-87E0353BA960}.Debug|x86.Build.0 = Debug|Any CPU
		{7ABAFD37-A1ED-4BC4-A9E4-87E0353BA960}.Release|Any CPU.ActiveCfg = Release|Any CPU
		{7ABAFD37-A1ED-4BC4-A9E4-87E0353BA960}.Release|Any CPU.Build.0 = Release|Any CPU
		{7ABAFD37-A1ED-4BC4-A9E4-87E0353BA960}.Release|x64.ActiveCfg = Release|Any CPU
		{7ABAFD37-A1ED-4BC4-A9E4-87E0353BA960}.Release|x64.Build.0 = Release|Any CPU
		{7ABAFD37-A1ED-4BC4-A9E4-87E0353BA960}.Release|x86.ActiveCfg = Release|Any CPU
		{7ABAFD37-A1ED-4BC4-A9E4-87E0353BA960}.Release|x86.Build.0 = Release|Any CPU
		{FD20FE7F-443E-42C8-9E9F-BC495AD69A4E}.Debug|Any CPU.ActiveCfg = Debug|Any CPU
		{FD20FE7F-443E-42C8-9E9F-BC495AD69A4E}.Debug|Any CPU.Build.0 = Debug|Any CPU
		{FD20FE7F-443E-42C8-9E9F-BC495AD69A4E}.Debug|x64.ActiveCfg = Debug|Any CPU
		{FD20FE7F-443E-42C8-9E9F-BC495AD69A4E}.Debug|x64.Build.0 = Debug|Any CPU
		{FD20FE7F-443E-42C8-9E9F-BC495AD69A4E}.Debug|x86.ActiveCfg = Debug|Any CPU
		{FD20FE7F-443E-42C8-9E9F-BC495AD69A4E}.Debug|x86.Build.0 = Debug|Any CPU
		{FD20FE7F-443E-42C8-9E9F-BC495AD69A4E}.Release|Any CPU.ActiveCfg = Release|Any CPU
		{FD20FE7F-443E-42C8-9E9F-BC495AD69A4E}.Release|Any CPU.Build.0 = Release|Any CPU
		{FD20FE7F-443E-42C8-9E9F-BC495AD69A4E}.Release|x64.ActiveCfg = Release|Any CPU
		{FD20FE7F-443E-42C8-9E9F-BC495AD69A4E}.Release|x64.Build.0 = Release|Any CPU
		{FD20FE7F-443E-42C8-9E9F-BC495AD69A4E}.Release|x86.ActiveCfg = Release|Any CPU
		{FD20FE7F-443E-42C8-9E9F-BC495AD69A4E}.Release|x86.Build.0 = Release|Any CPU
		{032FB3B3-84B1-4A3E-8604-F11EC4D4C7BC}.Debug|Any CPU.ActiveCfg = Debug|Any CPU
		{032FB3B3-84B1-4A3E-8604-F11EC4D4C7BC}.Debug|Any CPU.Build.0 = Debug|Any CPU
		{032FB3B3-84B1-4A3E-8604-F11EC4D4C7BC}.Debug|x64.ActiveCfg = Debug|Any CPU
		{032FB3B3-84B1-4A3E-8604-F11EC4D4C7BC}.Debug|x64.Build.0 = Debug|Any CPU
		{032FB3B3-84B1-4A3E-8604-F11EC4D4C7BC}.Debug|x86.ActiveCfg = Debug|Any CPU
		{032FB3B3-84B1-4A3E-8604-F11EC4D4C7BC}.Debug|x86.Build.0 = Debug|Any CPU
		{032FB3B3-84B1-4A3E-8604-F11EC4D4C7BC}.Release|Any CPU.ActiveCfg = Release|Any CPU
		{032FB3B3-84B1-4A3E-8604-F11EC4D4C7BC}.Release|Any CPU.Build.0 = Release|Any CPU
		{032FB3B3-84B1-4A3E-8604-F11EC4D4C7BC}.Release|x64.ActiveCfg = Release|Any CPU
		{032FB3B3-84B1-4A3E-8604-F11EC4D4C7BC}.Release|x64.Build.0 = Release|Any CPU
		{032FB3B3-84B1-4A3E-8604-F11EC4D4C7BC}.Release|x86.ActiveCfg = Release|Any CPU
		{032FB3B3-84B1-4A3E-8604-F11EC4D4C7BC}.Release|x86.Build.0 = Release|Any CPU
		{10099EF8-1C8F-4445-B9FC-EC4AECC3B2DD}.Debug|Any CPU.ActiveCfg = Debug|Any CPU
		{10099EF8-1C8F-4445-B9FC-EC4AECC3B2DD}.Debug|Any CPU.Build.0 = Debug|Any CPU
		{10099EF8-1C8F-4445-B9FC-EC4AECC3B2DD}.Debug|x64.ActiveCfg = Debug|Any CPU
		{10099EF8-1C8F-4445-B9FC-EC4AECC3B2DD}.Debug|x64.Build.0 = Debug|Any CPU
		{10099EF8-1C8F-4445-B9FC-EC4AECC3B2DD}.Debug|x86.ActiveCfg = Debug|Any CPU
		{10099EF8-1C8F-4445-B9FC-EC4AECC3B2DD}.Debug|x86.Build.0 = Debug|Any CPU
		{10099EF8-1C8F-4445-B9FC-EC4AECC3B2DD}.Release|Any CPU.ActiveCfg = Release|Any CPU
		{10099EF8-1C8F-4445-B9FC-EC4AECC3B2DD}.Release|Any CPU.Build.0 = Release|Any CPU
		{10099EF8-1C8F-4445-B9FC-EC4AECC3B2DD}.Release|x64.ActiveCfg = Release|Any CPU
		{10099EF8-1C8F-4445-B9FC-EC4AECC3B2DD}.Release|x64.Build.0 = Release|Any CPU
		{10099EF8-1C8F-4445-B9FC-EC4AECC3B2DD}.Release|x86.ActiveCfg = Release|Any CPU
		{10099EF8-1C8F-4445-B9FC-EC4AECC3B2DD}.Release|x86.Build.0 = Release|Any CPU
	EndGlobalSection
EndGlobal
